// !$*UTF8*$!
{
	archiveVersion = 1;
	classes = {
	};
	objectVersion = 46;
	objects = {

/* Begin PBXBuildFile section */
		0264AA3D1B75CC8500D86B90 /* 0.JPG in Resources */ = {isa = PBXBuildFile; fileRef = 0264AA3C1B75CC8500D86B90 /* 0.JPG */; };
		28B8EFB31B746CD700A72486 /* main.m in Sources */ = {isa = PBXBuildFile; fileRef = 28B8EFB21B746CD700A72486 /* main.m */; };
		28B8EFB61B746CD800A72486 /* AppDelegate.m in Sources */ = {isa = PBXBuildFile; fileRef = 28B8EFB51B746CD800A72486 /* AppDelegate.m */; };
		28B8EFB91B746CD800A72486 /* ViewController.m in Sources */ = {isa = PBXBuildFile; fileRef = 28B8EFB81B746CD800A72486 /* ViewController.m */; };
		28B8EFBC1B746CD800A72486 /* Main.storyboard in Resources */ = {isa = PBXBuildFile; fileRef = 28B8EFBA1B746CD800A72486 /* Main.storyboard */; };
		28B8EFBE1B746CD800A72486 /* Images.xcassets in Resources */ = {isa = PBXBuildFile; fileRef = 28B8EFBD1B746CD800A72486 /* Images.xcassets */; };
		28B8EFC11B746CD800A72486 /* LaunchScreen.xib in Resources */ = {isa = PBXBuildFile; fileRef = 28B8EFBF1B746CD800A72486 /* LaunchScreen.xib */; };
		28B8EFCD1B746CD800A72486 /* NemoTabBarTests.m in Sources */ = {isa = PBXBuildFile; fileRef = 28B8EFCC1B746CD800A72486 /* NemoTabBarTests.m */; };
		28B8EFD71B74849D00A72486 /* 4@2x.png in Resources */ = {isa = PBXBuildFile; fileRef = 28B8EFD61B74849D00A72486 /* 4@2x.png */; };
		28B8EFE71B7486BC00A72486 /* app_icon.png in Resources */ = {isa = PBXBuildFile; fileRef = 28B8EFD91B7486BC00A72486 /* app_icon.png */; };
		28B8EFE81B7486BC00A72486 /* chat_header_bg.jpg in Resources */ = {isa = PBXBuildFile; fileRef = 28B8EFDA1B7486BC00A72486 /* chat_header_bg.jpg */; };
		28B8EFE91B7486BC00A72486 /* crown@2x.png in Resources */ = {isa = PBXBuildFile; fileRef = 28B8EFDB1B7486BC00A72486 /* crown@2x.png */; };
		28B8EFEA1B7486BC00A72486 /* crownSelect@2x.png in Resources */ = {isa = PBXBuildFile; fileRef = 28B8EFDC1B7486BC00A72486 /* crownSelect@2x.png */; };
		28B8EFEB1B7486BC00A72486 /* home@2x.png in Resources */ = {isa = PBXBuildFile; fileRef = 28B8EFDD1B7486BC00A72486 /* home@2x.png */; };
		28B8EFEC1B7486BC00A72486 /* homeSelect@2x.png in Resources */ = {isa = PBXBuildFile; fileRef = 28B8EFDE1B7486BC00A72486 /* homeSelect@2x.png */; };
		28B8EFED1B7486BC00A72486 /* letfbutton.jpg in Resources */ = {isa = PBXBuildFile; fileRef = 28B8EFDF1B7486BC00A72486 /* letfbutton.jpg */; };
		28B8EFEE1B7486BC00A72486 /* my@2x.png in Resources */ = {isa = PBXBuildFile; fileRef = 28B8EFE01B7486BC00A72486 /* my@2x.png */; };
		28B8EFEF1B7486BC00A72486 /* mySelect@2x.png in Resources */ = {isa = PBXBuildFile; fileRef = 28B8EFE11B7486BC00A72486 /* mySelect@2x.png */; };
		28B8EFF01B7486BC00A72486 /* search@2x.png in Resources */ = {isa = PBXBuildFile; fileRef = 28B8EFE21B7486BC00A72486 /* search@2x.png */; };
		28B8EFF11B7486BC00A72486 /* searchSelect@2x.png in Resources */ = {isa = PBXBuildFile; fileRef = 28B8EFE31B7486BC00A72486 /* searchSelect@2x.png */; };
		28B8EFF21B7486BC00A72486 /* shop@2x.png in Resources */ = {isa = PBXBuildFile; fileRef = 28B8EFE41B7486BC00A72486 /* shop@2x.png */; };
		28B8EFF31B7486BC00A72486 /* shopSelect@2x.png in Resources */ = {isa = PBXBuildFile; fileRef = 28B8EFE51B7486BC00A72486 /* shopSelect@2x.png */; };
		28B8EFF41B7486BC00A72486 /* UInav.jpg in Resources */ = {isa = PBXBuildFile; fileRef = 28B8EFE61B7486BC00A72486 /* UInav.jpg */; };
		28B8F0001B748AE900A72486 /* NemoButton.m in Sources */ = {isa = PBXBuildFile; fileRef = 28B8EFFD1B748AE900A72486 /* NemoButton.m */; };
		28B8F0011B748AE900A72486 /* NemoTabBar.m in Sources */ = {isa = PBXBuildFile; fileRef = 28B8EFFF1B748AE900A72486 /* NemoTabBar.m */; };
		28B8F0031B749B8400A72486 /* 6@2x.png in Resources */ = {isa = PBXBuildFile; fileRef = 28B8F0021B749B8400A72486 /* 6@2x.png */; };
		28B8F0061B74A83D00A72486 /* oneViewController.m in Sources */ = {isa = PBXBuildFile; fileRef = 28B8F0051B74A83D00A72486 /* oneViewController.m */; };
		28B8F0091B74A85200A72486 /* twoViewController.m in Sources */ = {isa = PBXBuildFile; fileRef = 28B8F0081B74A85200A72486 /* twoViewController.m */; };
		28B8F00C1B74A85F00A72486 /* TherrViewController.m in Sources */ = {isa = PBXBuildFile; fileRef = 28B8F00B1B74A85F00A72486 /* TherrViewController.m */; };
		28B8F00F1B74A87500A72486 /* FourViewController.m in Sources */ = {isa = PBXBuildFile; fileRef = 28B8F00E1B74A87500A72486 /* FourViewController.m */; };
		28B8F0141B74A89900A72486 /* FiveViewController.m in Sources */ = {isa = PBXBuildFile; fileRef = 28B8F0131B74A89900A72486 /* FiveViewController.m */; };
		28DC69541B74FBE600FBAB8E /* NemoNavigation.m in Sources */ = {isa = PBXBuildFile; fileRef = 28DC69531B74FBE600FBAB8E /* NemoNavigation.m */; };
		B02E39A81B7726B800843C60 /* testViewController.m in Sources */ = {isa = PBXBuildFile; fileRef = B02E39A71B7726B800843C60 /* testViewController.m */; };
		B02E3A261B77396700843C60 /* NemoTabBarSingle.m in Sources */ = {isa = PBXBuildFile; fileRef = B02E3A251B77396700843C60 /* NemoTabBarSingle.m */; };
/* End PBXBuildFile section */

/* Begin PBXContainerItemProxy section */
		28B8EFC71B746CD800A72486 /* PBXContainerItemProxy */ = {
			isa = PBXContainerItemProxy;
			containerPortal = 28B8EFA51B746CD700A72486 /* Project object */;
			proxyType = 1;
			remoteGlobalIDString = 28B8EFAC1B746CD700A72486;
			remoteInfo = NemoTabBar;
		};
/* End PBXContainerItemProxy section */

/* Begin PBXFileReference section */
		0264AA3C1B75CC8500D86B90 /* 0.JPG */ = {isa = PBXFileReference; lastKnownFileType = image.jpeg; name = 0.JPG; path = ../TabBar/0.JPG; sourceTree = "<group>"; };
		28B8EFAD1B746CD700A72486 /* NemoTabBar.app */ = {isa = PBXFileReference; explicitFileType = wrapper.application; includeInIndex = 0; path = NemoTabBar.app; sourceTree = BUILT_PRODUCTS_DIR; };
		28B8EFB11B746CD700A72486 /* Info.plist */ = {isa = PBXFileReference; lastKnownFileType = text.plist.xml; path = Info.plist; sourceTree = "<group>"; };
		28B8EFB21B746CD700A72486 /* main.m */ = {isa = PBXFileReference; lastKnownFileType = sourcecode.c.objc; path = main.m; sourceTree = "<group>"; };
		28B8EFB41B746CD700A72486 /* AppDelegate.h */ = {isa = PBXFileReference; lastKnownFileType = sourcecode.c.h; path = AppDelegate.h; sourceTree = "<group>"; };
		28B8EFB51B746CD800A72486 /* AppDelegate.m */ = {isa = PBXFileReference; lastKnownFileType = sourcecode.c.objc; path = AppDelegate.m; sourceTree = "<group>"; };
		28B8EFB71B746CD800A72486 /* ViewController.h */ = {isa = PBXFileReference; lastKnownFileType = sourcecode.c.h; path = ViewController.h; sourceTree = "<group>"; };
		28B8EFB81B746CD800A72486 /* ViewController.m */ = {isa = PBXFileReference; lastKnownFileType = sourcecode.c.objc; path = ViewController.m; sourceTree = "<group>"; };
		28B8EFBB1B746CD800A72486 /* Base */ = {isa = PBXFileReference; lastKnownFileType = file.storyboard; name = Base; path = Base.lproj/Main.storyboard; sourceTree = "<group>"; };
		28B8EFBD1B746CD800A72486 /* Images.xcassets */ = {isa = PBXFileReference; lastKnownFileType = folder.assetcatalog; path = Images.xcassets; sourceTree = "<group>"; };
		28B8EFC01B746CD800A72486 /* Base */ = {isa = PBXFileReference; lastKnownFileType = file.xib; name = Base; path = Base.lproj/LaunchScreen.xib; sourceTree = "<group>"; };
		28B8EFC61B746CD800A72486 /* NemoTabBarTests.xctest */ = {isa = PBXFileReference; explicitFileType = wrapper.cfbundle; includeInIndex = 0; path = NemoTabBarTests.xctest; sourceTree = BUILT_PRODUCTS_DIR; };
		28B8EFCB1B746CD800A72486 /* Info.plist */ = {isa = PBXFileReference; lastKnownFileType = text.plist.xml; path = Info.plist; sourceTree = "<group>"; };
		28B8EFCC1B746CD800A72486 /* NemoTabBarTests.m */ = {isa = PBXFileReference; lastKnownFileType = sourcecode.c.objc; path = NemoTabBarTests.m; sourceTree = "<group>"; };
		28B8EFD61B74849D00A72486 /* 4@2x.png */ = {isa = PBXFileReference; lastKnownFileType = image.png; name = "4@2x.png"; path = "../4@2x.png"; sourceTree = "<group>"; };
		28B8EFD91B7486BC00A72486 /* app_icon.png */ = {isa = PBXFileReference; lastKnownFileType = image.png; path = app_icon.png; sourceTree = "<group>"; };
		28B8EFDA1B7486BC00A72486 /* chat_header_bg.jpg */ = {isa = PBXFileReference; lastKnownFileType = image.jpeg; path = chat_header_bg.jpg; sourceTree = "<group>"; };
		28B8EFDB1B7486BC00A72486 /* crown@2x.png */ = {isa = PBXFileReference; lastKnownFileType = image.png; path = "crown@2x.png"; sourceTree = "<group>"; };
		28B8EFDC1B7486BC00A72486 /* crownSelect@2x.png */ = {isa = PBXFileReference; lastKnownFileType = image.png; path = "crownSelect@2x.png"; sourceTree = "<group>"; };
		28B8EFDD1B7486BC00A72486 /* home@2x.png */ = {isa = PBXFileReference; lastKnownFileType = image.png; path = "home@2x.png"; sourceTree = "<group>"; };
		28B8EFDE1B7486BC00A72486 /* homeSelect@2x.png */ = {isa = PBXFileReference; lastKnownFileType = image.png; path = "homeSelect@2x.png"; sourceTree = "<group>"; };
		28B8EFDF1B7486BC00A72486 /* letfbutton.jpg */ = {isa = PBXFileReference; lastKnownFileType = image.jpeg; path = letfbutton.jpg; sourceTree = "<group>"; };
		28B8EFE01B7486BC00A72486 /* my@2x.png */ = {isa = PBXFileReference; lastKnownFileType = image.png; path = "my@2x.png"; sourceTree = "<group>"; };
		28B8EFE11B7486BC00A72486 /* mySelect@2x.png */ = {isa = PBXFileReference; lastKnownFileType = image.png; path = "mySelect@2x.png"; sourceTree = "<group>"; };
		28B8EFE21B7486BC00A72486 /* search@2x.png */ = {isa = PBXFileReference; lastKnownFileType = image.png; path = "search@2x.png"; sourceTree = "<group>"; };
		28B8EFE31B7486BC00A72486 /* searchSelect@2x.png */ = {isa = PBXFileReference; lastKnownFileType = image.png; path = "searchSelect@2x.png"; sourceTree = "<group>"; };
		28B8EFE41B7486BC00A72486 /* shop@2x.png */ = {isa = PBXFileReference; lastKnownFileType = image.png; path = "shop@2x.png"; sourceTree = "<group>"; };
		28B8EFE51B7486BC00A72486 /* shopSelect@2x.png */ = {isa = PBXFileReference; lastKnownFileType = image.png; path = "shopSelect@2x.png"; sourceTree = "<group>"; };
		28B8EFE61B7486BC00A72486 /* UInav.jpg */ = {isa = PBXFileReference; lastKnownFileType = image.jpeg; path = UInav.jpg; sourceTree = "<group>"; };
		28B8EFFC1B748AE900A72486 /* NemoButton.h */ = {isa = PBXFileReference; fileEncoding = 4; lastKnownFileType = sourcecode.c.h; path = NemoButton.h; sourceTree = "<group>"; };
		28B8EFFD1B748AE900A72486 /* NemoButton.m */ = {isa = PBXFileReference; fileEncoding = 4; lastKnownFileType = sourcecode.c.objc; path = NemoButton.m; sourceTree = "<group>"; };
		28B8EFFE1B748AE900A72486 /* NemoTabBar.h */ = {isa = PBXFileReference; fileEncoding = 4; lastKnownFileType = sourcecode.c.h; path = NemoTabBar.h; sourceTree = "<group>"; };
		28B8EFFF1B748AE900A72486 /* NemoTabBar.m */ = {isa = PBXFileReference; fileEncoding = 4; lastKnownFileType = sourcecode.c.objc; path = NemoTabBar.m; sourceTree = "<group>"; };
		28B8F0021B749B8400A72486 /* 6@2x.png */ = {isa = PBXFileReference; lastKnownFileType = image.png; path = "6@2x.png"; sourceTree = "<group>"; };
		28B8F0041B74A83D00A72486 /* oneViewController.h */ = {isa = PBXFileReference; fileEncoding = 4; lastKnownFileType = sourcecode.c.h; path = oneViewController.h; sourceTree = "<group>"; };
		28B8F0051B74A83D00A72486 /* oneViewController.m */ = {isa = PBXFileReference; fileEncoding = 4; lastKnownFileType = sourcecode.c.objc; path = oneViewController.m; sourceTree = "<group>"; };
		28B8F0071B74A85200A72486 /* twoViewController.h */ = {isa = PBXFileReference; fileEncoding = 4; lastKnownFileType = sourcecode.c.h; path = twoViewController.h; sourceTree = "<group>"; };
		28B8F0081B74A85200A72486 /* twoViewController.m */ = {isa = PBXFileReference; fileEncoding = 4; lastKnownFileType = sourcecode.c.objc; path = twoViewController.m; sourceTree = "<group>"; };
		28B8F00A1B74A85F00A72486 /* TherrViewController.h */ = {isa = PBXFileReference; fileEncoding = 4; lastKnownFileType = sourcecode.c.h; path = TherrViewController.h; sourceTree = "<group>"; };
		28B8F00B1B74A85F00A72486 /* TherrViewController.m */ = {isa = PBXFileReference; fileEncoding = 4; lastKnownFileType = sourcecode.c.objc; path = TherrViewController.m; sourceTree = "<group>"; };
		28B8F00D1B74A87500A72486 /* FourViewController.h */ = {isa = PBXFileReference; fileEncoding = 4; lastKnownFileType = sourcecode.c.h; path = FourViewController.h; sourceTree = "<group>"; };
		28B8F00E1B74A87500A72486 /* FourViewController.m */ = {isa = PBXFileReference; fileEncoding = 4; lastKnownFileType = sourcecode.c.objc; path = FourViewController.m; sourceTree = "<group>"; };
		28B8F0121B74A89900A72486 /* FiveViewController.h */ = {isa = PBXFileReference; fileEncoding = 4; lastKnownFileType = sourcecode.c.h; path = FiveViewController.h; sourceTree = "<group>"; };
		28B8F0131B74A89900A72486 /* FiveViewController.m */ = {isa = PBXFileReference; fileEncoding = 4; lastKnownFileType = sourcecode.c.objc; path = FiveViewController.m; sourceTree = "<group>"; };
		28DC69521B74FBE600FBAB8E /* NemoNavigation.h */ = {isa = PBXFileReference; fileEncoding = 4; lastKnownFileType = sourcecode.c.h; path = NemoNavigation.h; sourceTree = "<group>"; };
		28DC69531B74FBE600FBAB8E /* NemoNavigation.m */ = {isa = PBXFileReference; fileEncoding = 4; lastKnownFileType = sourcecode.c.objc; path = NemoNavigation.m; sourceTree = "<group>"; };
		B02E39A61B7726B800843C60 /* testViewController.h */ = {isa = PBXFileReference; fileEncoding = 4; lastKnownFileType = sourcecode.c.h; path = testViewController.h; sourceTree = "<group>"; };
		B02E39A71B7726B800843C60 /* testViewController.m */ = {isa = PBXFileReference; fileEncoding = 4; lastKnownFileType = sourcecode.c.objc; path = testViewController.m; sourceTree = "<group>"; };
		B02E3A241B77396700843C60 /* NemoTabBarSingle.h */ = {isa = PBXFileReference; fileEncoding = 4; lastKnownFileType = sourcecode.c.h; path = NemoTabBarSingle.h; sourceTree = "<group>"; };
		B02E3A251B77396700843C60 /* NemoTabBarSingle.m */ = {isa = PBXFileReference; fileEncoding = 4; lastKnownFileType = sourcecode.c.objc; path = NemoTabBarSingle.m; sourceTree = "<group>"; };
/* End PBXFileReference section */

/* Begin PBXFrameworksBuildPhase section */
		28B8EFAA1B746CD700A72486 /* Frameworks */ = {
			isa = PBXFrameworksBuildPhase;
			buildActionMask = 2147483647;
			files = (
			);
			runOnlyForDeploymentPostprocessing = 0;
		};
		28B8EFC31B746CD800A72486 /* Frameworks */ = {
			isa = PBXFrameworksBuildPhase;
			buildActionMask = 2147483647;
			files = (
			);
			runOnlyForDeploymentPostprocessing = 0;
		};
/* End PBXFrameworksBuildPhase section */

/* Begin PBXGroup section */
		28B8EFA41B746CD700A72486 = {
			isa = PBXGroup;
			children = (
				28B8EFAF1B746CD700A72486 /* NemoTabBar */,
				28B8EFC91B746CD800A72486 /* NemoTabBarTests */,
				28B8EFAE1B746CD700A72486 /* Products */,
			);
			sourceTree = "<group>";
		};
		28B8EFAE1B746CD700A72486 /* Products */ = {
			isa = PBXGroup;
			children = (
				28B8EFAD1B746CD700A72486 /* NemoTabBar.app */,
				28B8EFC61B746CD800A72486 /* NemoTabBarTests.xctest */,
			);
			name = Products;
			sourceTree = "<group>";
		};
		28B8EFAF1B746CD700A72486 /* NemoTabBar */ = {
			isa = PBXGroup;
			children = (
				28B8F0101B74A87E00A72486 /* testController */,
				28B8EFFB1B748AE900A72486 /* NemoTabBar */,
				28B8EFD81B7486BC00A72486 /* TabBar */,
				28B8EFB41B746CD700A72486 /* AppDelegate.h */,
				28B8EFB51B746CD800A72486 /* AppDelegate.m */,
				28B8EFB71B746CD800A72486 /* ViewController.h */,
				28B8EFB81B746CD800A72486 /* ViewController.m */,
				28B8EFBA1B746CD800A72486 /* Main.storyboard */,
				28B8EFBD1B746CD800A72486 /* Images.xcassets */,
				28B8EFBF1B746CD800A72486 /* LaunchScreen.xib */,
				28B8EFB01B746CD700A72486 /* Supporting Files */,
			);
			path = NemoTabBar;
			sourceTree = "<group>";
		};
		28B8EFB01B746CD700A72486 /* Supporting Files */ = {
			isa = PBXGroup;
			children = (
				28B8EFB11B746CD700A72486 /* Info.plist */,
				28B8EFB21B746CD700A72486 /* main.m */,
			);
			name = "Supporting Files";
			sourceTree = "<group>";
		};
		28B8EFC91B746CD800A72486 /* NemoTabBarTests */ = {
			isa = PBXGroup;
			children = (
				28B8EFCC1B746CD800A72486 /* NemoTabBarTests.m */,
				28B8EFCA1B746CD800A72486 /* Supporting Files */,
			);
			path = NemoTabBarTests;
			sourceTree = "<group>";
		};
		28B8EFCA1B746CD800A72486 /* Supporting Files */ = {
			isa = PBXGroup;
			children = (
				28B8EFCB1B746CD800A72486 /* Info.plist */,
			);
			name = "Supporting Files";
			sourceTree = "<group>";
		};
		28B8EFD81B7486BC00A72486 /* TabBar */ = {
			isa = PBXGroup;
			children = (
				28B8F0021B749B8400A72486 /* 6@2x.png */,
				28B8EFD91B7486BC00A72486 /* app_icon.png */,
				28B8EFDA1B7486BC00A72486 /* chat_header_bg.jpg */,
				28B8EFDB1B7486BC00A72486 /* crown@2x.png */,
				28B8EFDC1B7486BC00A72486 /* crownSelect@2x.png */,
				28B8EFDD1B7486BC00A72486 /* home@2x.png */,
				28B8EFDE1B7486BC00A72486 /* homeSelect@2x.png */,
				28B8EFDF1B7486BC00A72486 /* letfbutton.jpg */,
				28B8EFE01B7486BC00A72486 /* my@2x.png */,
				28B8EFE11B7486BC00A72486 /* mySelect@2x.png */,
				28B8EFE21B7486BC00A72486 /* search@2x.png */,
				28B8EFE31B7486BC00A72486 /* searchSelect@2x.png */,
				28B8EFE41B7486BC00A72486 /* shop@2x.png */,
				28B8EFE51B7486BC00A72486 /* shopSelect@2x.png */,
				28B8EFE61B7486BC00A72486 /* UInav.jpg */,
			);
			path = TabBar;
			sourceTree = "<group>";
		};
		28B8EFFB1B748AE900A72486 /* NemoTabBar */ = {
			isa = PBXGroup;
			children = (
				28B8EFD61B74849D00A72486 /* 4@2x.png */,
				0264AA3C1B75CC8500D86B90 /* 0.JPG */,
				28B8EFFC1B748AE900A72486 /* NemoButton.h */,
				28B8EFFD1B748AE900A72486 /* NemoButton.m */,
				28B8EFFE1B748AE900A72486 /* NemoTabBar.h */,
				28B8EFFF1B748AE900A72486 /* NemoTabBar.m */,
				28DC69521B74FBE600FBAB8E /* NemoNavigation.h */,
				28DC69531B74FBE600FBAB8E /* NemoNavigation.m */,
				B02E3A241B77396700843C60 /* NemoTabBarSingle.h */,
				B02E3A251B77396700843C60 /* NemoTabBarSingle.m */,
			);
			path = NemoTabBar;
			sourceTree = "<group>";
		};
		28B8F0101B74A87E00A72486 /* testController */ = {
			isa = PBXGroup;
			children = (
				B02E39A61B7726B800843C60 /* testViewController.h */,
				B02E39A71B7726B800843C60 /* testViewController.m */,
				28B8F0041B74A83D00A72486 /* oneViewController.h */,
				28B8F0051B74A83D00A72486 /* oneViewController.m */,
				28B8F0071B74A85200A72486 /* twoViewController.h */,
				28B8F0081B74A85200A72486 /* twoViewController.m */,
				28B8F00A1B74A85F00A72486 /* TherrViewController.h */,
				28B8F00B1B74A85F00A72486 /* TherrViewController.m */,
				28B8F00D1B74A87500A72486 /* FourViewController.h */,
				28B8F00E1B74A87500A72486 /* FourViewController.m */,
				28B8F0121B74A89900A72486 /* FiveViewController.h */,
				28B8F0131B74A89900A72486 /* FiveViewController.m */,
			);
			name = testController;
			sourceTree = "<group>";
		};
/* End PBXGroup section */

/* Begin PBXNativeTarget section */
		28B8EFAC1B746CD700A72486 /* NemoTabBar */ = {
			isa = PBXNativeTarget;
			buildConfigurationList = 28B8EFD01B746CD800A72486 /* Build configuration list for PBXNativeTarget "NemoTabBar" */;
			buildPhases = (
				28B8EFA91B746CD700A72486 /* Sources */,
				28B8EFAA1B746CD700A72486 /* Frameworks */,
				28B8EFAB1B746CD700A72486 /* Resources */,
			);
			buildRules = (
			);
			dependencies = (
			);
			name = NemoTabBar;
			productName = NemoTabBar;
			productReference = 28B8EFAD1B746CD700A72486 /* NemoTabBar.app */;
			productType = "com.apple.product-type.application";
		};
		28B8EFC51B746CD800A72486 /* NemoTabBarTests */ = {
			isa = PBXNativeTarget;
			buildConfigurationList = 28B8EFD31B746CD800A72486 /* Build configuration list for PBXNativeTarget "NemoTabBarTests" */;
			buildPhases = (
				28B8EFC21B746CD800A72486 /* Sources */,
				28B8EFC31B746CD800A72486 /* Frameworks */,
				28B8EFC41B746CD800A72486 /* Resources */,
			);
			buildRules = (
			);
			dependencies = (
				28B8EFC81B746CD800A72486 /* PBXTargetDependency */,
			);
			name = NemoTabBarTests;
			productName = NemoTabBarTests;
			productReference = 28B8EFC61B746CD800A72486 /* NemoTabBarTests.xctest */;
			productType = "com.apple.product-type.bundle.unit-test";
		};
/* End PBXNativeTarget section */

/* Begin PBXProject section */
		28B8EFA51B746CD700A72486 /* Project object */ = {
			isa = PBXProject;
			attributes = {
				LastUpgradeCheck = 0630;
				ORGANIZATIONNAME = Nemo;
				TargetAttributes = {
					28B8EFAC1B746CD700A72486 = {
						CreatedOnToolsVersion = 6.3.2;
					};
					28B8EFC51B746CD800A72486 = {
						CreatedOnToolsVersion = 6.3.2;
						TestTargetID = 28B8EFAC1B746CD700A72486;
					};
				};
			};
			buildConfigurationList = 28B8EFA81B746CD700A72486 /* Build configuration list for PBXProject "NemoTabBar" */;
			compatibilityVersion = "Xcode 3.2";
			developmentRegion = English;
			hasScannedForEncodings = 0;
			knownRegions = (
				en,
				Base,
			);
			mainGroup = 28B8EFA41B746CD700A72486;
			productRefGroup = 28B8EFAE1B746CD700A72486 /* Products */;
			projectDirPath = "";
			projectRoot = "";
			targets = (
				28B8EFAC1B746CD700A72486 /* NemoTabBar */,
				28B8EFC51B746CD800A72486 /* NemoTabBarTests */,
			);
		};
/* End PBXProject section */

/* Begin PBXResourcesBuildPhase section */
		28B8EFAB1B746CD700A72486 /* Resources */ = {
			isa = PBXResourcesBuildPhase;
			buildActionMask = 2147483647;
			files = (
				28B8EFF31B7486BC00A72486 /* shopSelect@2x.png in Resources */,
				28B8EFEA1B7486BC00A72486 /* crownSelect@2x.png in Resources */,
				28B8EFBC1B746CD800A72486 /* Main.storyboard in Resources */,
				28B8EFF21B7486BC00A72486 /* shop@2x.png in Resources */,
				0264AA3D1B75CC8500D86B90 /* 0.JPG in Resources */,
				28B8EFD71B74849D00A72486 /* 4@2x.png in Resources */,
				28B8EFC11B746CD800A72486 /* LaunchScreen.xib in Resources */,
				28B8EFE91B7486BC00A72486 /* crown@2x.png in Resources */,
				28B8EFEC1B7486BC00A72486 /* homeSelect@2x.png in Resources */,
				28B8EFF11B7486BC00A72486 /* searchSelect@2x.png in Resources */,
				28B8EFED1B7486BC00A72486 /* letfbutton.jpg in Resources */,
				28B8F0031B749B8400A72486 /* 6@2x.png in Resources */,
				28B8EFEF1B7486BC00A72486 /* mySelect@2x.png in Resources */,
				28B8EFF41B7486BC00A72486 /* UInav.jpg in Resources */,
				28B8EFE71B7486BC00A72486 /* app_icon.png in Resources */,
				28B8EFEE1B7486BC00A72486 /* my@2x.png in Resources */,
				28B8EFF01B7486BC00A72486 /* search@2x.png in Resources */,
				28B8EFBE1B746CD800A72486 /* Images.xcassets in Resources */,
				28B8EFE81B7486BC00A72486 /* chat_header_bg.jpg in Resources */,
				28B8EFEB1B7486BC00A72486 /* home@2x.png in Resources */,
			);
			runOnlyForDeploymentPostprocessing = 0;
		};
		28B8EFC41B746CD800A72486 /* Resources */ = {
			isa = PBXResourcesBuildPhase;
			buildActionMask = 2147483647;
			files = (
			);
			runOnlyForDeploymentPostprocessing = 0;
		};
/* End PBXResourcesBuildPhase section */

/* Begin PBXSourcesBuildPhase section */
		28B8EFA91B746CD700A72486 /* Sources */ = {
			isa = PBXSourcesBuildPhase;
			buildActionMask = 2147483647;
			files = (
				B02E3A261B77396700843C60 /* NemoTabBarSingle.m in Sources */,
				28B8F0091B74A85200A72486 /* twoViewController.m in Sources */,
				28B8EFB91B746CD800A72486 /* ViewController.m in Sources */,
				28B8F0011B748AE900A72486 /* NemoTabBar.m in Sources */,
				28B8F00F1B74A87500A72486 /* FourViewController.m in Sources */,
				28B8F0141B74A89900A72486 /* FiveViewController.m in Sources */,
				28B8EFB61B746CD800A72486 /* AppDelegate.m in Sources */,
				B02E39A81B7726B800843C60 /* testViewController.m in Sources */,
				28B8F00C1B74A85F00A72486 /* TherrViewController.m in Sources */,
				28B8F0001B748AE900A72486 /* NemoButton.m in Sources */,
				28B8EFB31B746CD700A72486 /* main.m in Sources */,
				28B8F0061B74A83D00A72486 /* oneViewController.m in Sources */,
				28DC69541B74FBE600FBAB8E /* NemoNavigation.m in Sources */,
			);
			runOnlyForDeploymentPostprocessing = 0;
		};
		28B8EFC21B746CD800A72486 /* Sources */ = {
			isa = PBXSourcesBuildPhase;
			buildActionMask = 2147483647;
			files = (
				28B8EFCD1B746CD800A72486 /* NemoTabBarTests.m in Sources */,
			);
			runOnlyForDeploymentPostprocessing = 0;
		};
/* End PBXSourcesBuildPhase section */

/* Begin PBXTargetDependency section */
		28B8EFC81B746CD800A72486 /* PBXTargetDependency */ = {
			isa = PBXTargetDependency;
			target = 28B8EFAC1B746CD700A72486 /* NemoTabBar */;
			targetProxy = 28B8EFC71B746CD800A72486 /* PBXContainerItemProxy */;
		};
/* End PBXTargetDependency section */

/* Begin PBXVariantGroup section */
		28B8EFBA1B746CD800A72486 /* Main.storyboard */ = {
			isa = PBXVariantGroup;
			children = (
				28B8EFBB1B746CD800A72486 /* Base */,
			);
			name = Main.storyboard;
			sourceTree = "<group>";
		};
		28B8EFBF1B746CD800A72486 /* LaunchScreen.xib */ = {
			isa = PBXVariantGroup;
			children = (
				28B8EFC01B746CD800A72486 /* Base */,
			);
			name = LaunchScreen.xib;
			sourceTree = "<group>";
		};
/* End PBXVariantGroup section */

/* Begin XCBuildConfiguration section */
		28B8EFCE1B746CD800A72486 /* Debug */ = {
			isa = XCBuildConfiguration;
			buildSettings = {
				ALWAYS_SEARCH_USER_PATHS = NO;
				CLANG_CXX_LANGUAGE_STANDARD = "gnu++0x";
				CLANG_CXX_LIBRARY = "libc++";
				CLANG_ENABLE_MODULES = YES;
				CLANG_ENABLE_OBJC_ARC = YES;
				CLANG_WARN_BOOL_CONVERSION = YES;
				CLANG_WARN_CONSTANT_CONVERSION = YES;
				CLANG_WARN_DIRECT_OBJC_ISA_USAGE = YES_ERROR;
				CLANG_WARN_EMPTY_BODY = YES;
				CLANG_WARN_ENUM_CONVERSION = YES;
				CLANG_WARN_INT_CONVERSION = YES;
				CLANG_WARN_OBJC_ROOT_CLASS = YES_ERROR;
				CLANG_WARN_UNREACHABLE_CODE = YES;
				CLANG_WARN__DUPLICATE_METHOD_MATCH = YES;
				"CODE_SIGN_IDENTITY[sdk=iphoneos*]" = "iPhone Developer";
				COPY_PHASE_STRIP = NO;
				DEBUG_INFORMATION_FORMAT = "dwarf-with-dsym";
				ENABLE_STRICT_OBJC_MSGSEND = YES;
				GCC_C_LANGUAGE_STANDARD = gnu99;
				GCC_DYNAMIC_NO_PIC = NO;
				GCC_NO_COMMON_BLOCKS = YES;
				GCC_OPTIMIZATION_LEVEL = 0;
				GCC_PREPROCESSOR_DEFINITIONS = (
					"DEBUG=1",
					"$(inherited)",
				);
				GCC_SYMBOLS_PRIVATE_EXTERN = NO;
				GCC_WARN_64_TO_32_BIT_CONVERSION = YES;
				GCC_WARN_ABOUT_RETURN_TYPE = YES_ERROR;
				GCC_WARN_UNDECLARED_SELECTOR = YES;
				GCC_WARN_UNINITIALIZED_AUTOS = YES_AGGRESSIVE;
				GCC_WARN_UNUSED_FUNCTION = YES;
				GCC_WARN_UNUSED_VARIABLE = YES;
				IPHONEOS_DEPLOYMENT_TARGET = 8.3;
				MTL_ENABLE_DEBUG_INFO = YES;
				ONLY_ACTIVE_ARCH = YES;
				SDKROOT = iphoneos;
				TARGETED_DEVICE_FAMILY = "1,2";
			};
			name = Debug;
		};
		28B8EFCF1B746CD800A72486 /* Release */ = {
			isa = XCBuildConfiguration;
			buildSettings = {
				ALWAYS_SEARCH_USER_PATHS = NO;
				CLANG_CXX_LANGUAGE_STANDARD = "gnu++0x";
				CLANG_CXX_LIBRARY = "libc++";
				CLANG_ENABLE_MODULES = YES;
				CLANG_ENABLE_OBJC_ARC = YES;
				CLANG_WARN_BOOL_CONVERSION = YES;
				CLANG_WARN_CONSTANT_CONVERSION = YES;
				CLANG_WARN_DIRECT_OBJC_ISA_USAGE = YES_ERROR;
				CLANG_WARN_EMPTY_BODY = YES;
				CLANG_WARN_ENUM_CONVERSION = YES;
				CLANG_WARN_INT_CONVERSION = YES;
				CLANG_WARN_OBJC_ROOT_CLASS = YES_ERROR;
				CLANG_WARN_UNREACHABLE_CODE = YES;
				CLANG_WARN__DUPLICATE_METHOD_MATCH = YES;
				"CODE_SIGN_IDENTITY[sdk=iphoneos*]" = "iPhone Developer";
				COPY_PHASE_STRIP = NO;
				DEBUG_INFORMATION_FORMAT = "dwarf-with-dsym";
				ENABLE_NS_ASSERTIONS = NO;
				ENABLE_STRICT_OBJC_MSGSEND = YES;
				GCC_C_LANGUAGE_STANDARD = gnu99;
				GCC_NO_COMMON_BLOCKS = YES;
				GCC_WARN_64_TO_32_BIT_CONVERSION = YES;
				GCC_WARN_ABOUT_RETURN_TYPE = YES_ERROR;
				GCC_WARN_UNDECLARED_SELECTOR = YES;
				GCC_WARN_UNINITIALIZED_AUTOS = YES_AGGRESSIVE;
				GCC_WARN_UNUSED_FUNCTION = YES;
				GCC_WARN_UNUSED_VARIABLE = YES;
				IPHONEOS_DEPLOYMENT_TARGET = 8.3;
				MTL_ENABLE_DEBUG_INFO = NO;
				SDKROOT = iphoneos;
				TARGETED_DEVICE_FAMILY = "1,2";
				VALIDATE_PRODUCT = YES;
			};
			name = Release;
		};
		28B8EFD11B746CD800A72486 /* Debug */ = {
			isa = XCBuildConfiguration;
			buildSettings = {
				ASSETCATALOG_COMPILER_APPICON_NAME = AppIcon;
				INFOPLIST_FILE = NemoTabBar/Info.plist;
				IPHONEOS_DEPLOYMENT_TARGET = 7.0;
				LD_RUNPATH_SEARCH_PATHS = "$(inherited) @executable_path/Frameworks";
				PRODUCT_NAME = "$(TARGET_NAME)";
			};
			name = Debug;
		};
		28B8EFD21B746CD800A72486 /* Release */ = {
			isa = XCBuildConfiguration;
			buildSettings = {
				ASSETCATALOG_COMPILER_APPICON_NAME = AppIcon;
				INFOPLIST_FILE = NemoTabBar/Info.plist;
				IPHONEOS_DEPLOYMENT_TARGET = 7.0;
				LD_RUNPATH_SEARCH_PATHS = "$(inherited) @executable_path/Frameworks";
				PRODUCT_NAME = "$(TARGET_NAME)";
			};
			name = Release;
		};
		28B8EFD41B746CD800A72486 /* Debug */ = {
			isa = XCBuildConfiguration;
			buildSettings = {
				BUNDLE_LOADER = "$(TEST_HOST)";
				FRAMEWORK_SEARCH_PATHS = (
					"$(SDKROOT)/Developer/Library/Frameworks",
					"$(inherited)",
				);
				GCC_PREPROCESSOR_DEFINITIONS = (
					"DEBUG=1",
					"$(inherited)",
				);
				INFOPLIST_FILE = NemoTabBarTests/Info.plist;
				LD_RUNPATH_SEARCH_PATHS = "$(inherited) @executable_path/Frameworks @loader_path/Frameworks";
				PRODUCT_NAME = "$(TARGET_NAME)";
				TEST_HOST = "$(BUILT_PRODUCTS_DIR)/NemoTabBar.app/NemoTabBar";
			};
			name = Debug;
		};
		28B8EFD51B746CD800A72486 /* Release */ = {
			isa = XCBuildConfiguration;
			buildSettings = {
				BUNDLE_LOADER = "$(TEST_HOST)";
				FRAMEWORK_SEARCH_PATHS = (
					"$(SDKROOT)/Developer/Library/Frameworks",
					"$(inherited)",
				);
				INFOPLIST_FILE = NemoTabBarTests/Info.plist;
				LD_RUNPATH_SEARCH_PATHS = "$(inherited) @executable_path/Frameworks @loader_path/Frameworks";
				PRODUCT_NAME = "$(TARGET_NAME)";
				TEST_HOST = "$(BUILT_PRODUCTS_DIR)/NemoTabBar.app/NemoTabBar";
			};
			name = Release;
		};
/* End XCBuildConfiguration section */

/* Begin XCConfigurationList section */
		28B8EFA81B746CD700A72486 /* Build configuration list for PBXProject "NemoTabBar" */ = {
			isa = XCConfigurationList;
			buildConfigurations = (
				28B8EFCE1B746CD800A72486 /* Debug */,
				28B8EFCF1B746CD800A72486 /* Release */,
			);
			defaultConfigurationIsVisible = 0;
			defaultConfigurationName = Release;
		};
		28B8EFD01B746CD800A72486 /* Build configuration list for PBXNativeTarget "NemoTabBar" */ = {
			isa = XCConfigurationList;
			buildConfigurations = (
				28B8EFD11B746CD800A72486 /* Debug */,
				28B8EFD21B746CD800A72486 /* Release */,
			);
			defaultConfigurationIsVisible = 0;
			defaultConfigurationName = Release;
		};
		28B8EFD31B746CD800A72486 /* Build configuration list for PBXNativeTarget "NemoTabBarTests" */ = {
			isa = XCConfigurationList;
			buildConfigurations = (
				28B8EFD41B746CD800A72486 /* Debug */,
				28B8EFD51B746CD800A72486 /* Release */,
			);
			defaultConfigurationIsVisible = 0;
			defaultConfigurationName = Release;
		};
/* End XCConfigurationList section */
	};
	rootObject = 28B8EFA51B746CD700A72486 /* Project object */;
}
